
Microsoft Visual Studio Solution File, Format Version 12.00
# Visual Studio 15
VisualStudioVersion = 15.0.27428.2015
MinimumVisualStudioVersion = 10.0.40219.1
Project("{FAE04EC0-301F-11D3-BF4B-00C04F79EFBC}") = "eFood", "eFood\eFood.csproj", "{67ED9B58-3938-40C7-AE3D-41FC497DC327}"
EndProject
Global
	GlobalSection(SolutionConfigurationPlatforms) = preSolution
		Debug|Any CPU = Debug|Any CPU
		Release|Any CPU = Release|Any CPU
	EndGlobalSection
	GlobalSection(ProjectConfigurationPlatforms) = postSolution
		{67ED9B58-3938-40C7-AE3D-41FC497DC327}.Debug|Any CPU.ActiveCfg = Debug|Any CPU
		{67ED9B58-3938-40C7-AE3D-41FC497DC327}.Debug|Any CPU.Build.0 = Debug|Any CPU
		{67ED9B58-3938-40C7-AE3D-41FC497DC327}.Release|Any CPU.ActiveCfg = Release|Any CPU
		{67ED9B58-3938-40C7-AE3D-41FC497DC327}.Release|Any CPU.Build.0 = Release|Any CPU
	EndGlobalSection
	GlobalSection(SolutionProperties) = preSolution
		HideSolutionNode = FALSE
	EndGlobalSection
	GlobalSection(ExtensibilityGlobals) = postSolution
		SolutionGuid = {59EF019C-A5C9-4FFC-B361-3FFDF924B0F4}
	EndGlobalSection
EndGlobal
